
Microsoft Visual Studio Solution File, Format Version 12.00
# Visual Studio Version 16
VisualStudioVersion = 16.0.29806.167
MinimumVisualStudioVersion = 10.0.40219.1
Project("{FAE04EC0-301F-11D3-BF4B-00C04F79EFBC}") = "RealWorldAPI", "RealWorldAPI\RealWorldAPI.csproj", "{D854143E-B67E-457B-AD3C-0FB4408B9E2E}"
EndProject
Global
	GlobalSection(SolutionConfigurationPlatforms) = preSolution
		Debug|Any CPU = Debug|Any CPU
		Release|Any CPU = Release|Any CPU
	EndGlobalSection
	GlobalSection(ProjectConfigurationPlatforms) = postSolution
		{D854143E-B67E-457B-AD3C-0FB4408B9E2E}.Debug|Any CPU.ActiveCfg = Debug|Any CPU
		{D854143E-B67E-457B-AD3C-0FB4408B9E2E}.Debug|Any CPU.Build.0 = Debug|Any CPU
		{D854143E-B67E-457B-AD3C-0FB4408B9E2E}.Release|Any CPU.ActiveCfg = Release|Any CPU
		{D854143E-B67E-457B-AD3C-0FB4408B9E2E}.Release|Any CPU.Build.0 = Release|Any CPU
	EndGlobalSection
	GlobalSection(SolutionProperties) = preSolution
		HideSolutionNode = FALSE
	EndGlobalSection
	GlobalSection(ExtensibilityGlobals) = postSolution
		SolutionGuid = {11505A6E-E28C-47B4-B7CE-F8F85C59416B}
	EndGlobalSection
EndGlobal
